
Microsoft Visual Studio Solution File, Format Version 12.00
# Visual Studio Version 17
VisualStudioVersion = 17.6.33815.320
MinimumVisualStudioVersion = 10.0.40219.1
Project("{9A19103F-16F7-4668-BE54-9A1E7A4F7556}") = "WebApiTemplate", "WebApiTemplate.csproj", "{2EF3603C-EFBB-4343-8CDF-63BAC72AD66E}"
EndProject
Project("{9A19103F-16F7-4668-BE54-9A1E7A4F7556}") = "WebApiTemplate.Contracts", "..\WebApiTemplate.Contracts\WebApiTemplate.Contracts.csproj", "{08FF17CF-D115-4E0D-BAAE-F5D9C8F28C0A}"
EndProject
Project("{FAE04EC0-301F-11D3-BF4B-00C04F79EFBC}") = "WebApiTemplate.Tests", "..\WebApiTemplate.Tests\WebApiTemplate.Tests.csproj", "{B0C00E28-2E7C-42FC-852E-668CEF39E7C3}"
EndProject
Global
	GlobalSection(SolutionConfigurationPlatforms) = preSolution
		Debug|Any CPU = Debug|Any CPU
		Release|Any CPU = Release|Any CPU
	EndGlobalSection
	GlobalSection(ProjectConfigurationPlatforms) = postSolution
		{2EF3603C-EFBB-4343-8CDF-63BAC72AD66E}.Debug|Any CPU.ActiveCfg = Debug|Any CPU
		{2EF3603C-EFBB-4343-8CDF-63BAC72AD66E}.Debug|Any CPU.Build.0 = Debug|Any CPU
		{2EF3603C-EFBB-4343-8CDF-63BAC72AD66E}.Release|Any CPU.ActiveCfg = Release|Any CPU
		{2EF3603C-EFBB-4343-8CDF-63BAC72AD66E}.Release|Any CPU.Build.0 = Release|Any CPU
		{08FF17CF-D115-4E0D-BAAE-F5D9C8F28C0A}.Debug|Any CPU.ActiveCfg = Debug|Any CPU
		{08FF17CF-D115-4E0D-BAAE-F5D9C8F28C0A}.Debug|Any CPU.Build.0 = Debug|Any CPU
		{08FF17CF-D115-4E0D-BAAE-F5D9C8F28C0A}.Release|Any CPU.ActiveCfg = Release|Any CPU
		{08FF17CF-D115-4E0D-BAAE-F5D9C8F28C0A}.Release|Any CPU.Build.0 = Release|Any CPU
		{B0C00E28-2E7C-42FC-852E-668CEF39E7C3}.Debug|Any CPU.ActiveCfg = Debug|Any CPU
		{B0C00E28-2E7C-42FC-852E-668CEF39E7C3}.Debug|Any CPU.Build.0 = Debug|Any CPU
		{B0C00E28-2E7C-42FC-852E-668CEF39E7C3}.Release|Any CPU.ActiveCfg = Release|Any CPU
		{B0C00E28-2E7C-42FC-852E-668CEF39E7C3}.Release|Any CPU.Build.0 = Release|Any CPU
	EndGlobalSection
	GlobalSection(SolutionProperties) = preSolution
		HideSolutionNode = FALSE
	EndGlobalSection
	GlobalSection(ExtensibilityGlobals) = postSolution
		SolutionGuid = {64E2A243-6E54-45DC-ADFD-D758E628A49F}
	EndGlobalSection
EndGlobal
